
Microsoft Visual Studio Solution File, Format Version 12.00
# Visual Studio 15
VisualStudioVersion = 15.0.28010.2041
MinimumVisualStudioVersion = 10.0.40219.1
Project("{9A19103F-16F7-4668-BE54-9A1E7A4F7556}") = "KiddCodeSite", "KiddCodeSite\KiddCodeSite.csproj", "{494CD433-F80D-44E6-9521-10C5FDB9B774}"
EndProject
Global
	GlobalSection(SolutionConfigurationPlatforms) = preSolution
		Debug|Any CPU = Debug|Any CPU
		Release|Any CPU = Release|Any CPU
	EndGlobalSection
	GlobalSection(ProjectConfigurationPlatforms) = postSolution
		{494CD433-F80D-44E6-9521-10C5FDB9B774}.Debug|Any CPU.ActiveCfg = Debug|Any CPU
		{494CD433-F80D-44E6-9521-10C5FDB9B774}.Debug|Any CPU.Build.0 = Debug|Any CPU
		{494CD433-F80D-44E6-9521-10C5FDB9B774}.Release|Any CPU.ActiveCfg = Release|Any CPU
		{494CD433-F80D-44E6-9521-10C5FDB9B774}.Release|Any CPU.Build.0 = Release|Any CPU
	EndGlobalSection
	GlobalSection(SolutionProperties) = preSolution
		HideSolutionNode = FALSE
	EndGlobalSection
	GlobalSection(ExtensibilityGlobals) = postSolution
		SolutionGuid = {B86365F7-024D-46CE-8182-02DEDA5F9F54}
	EndGlobalSection
EndGlobal
